// !$*UTF8*$!
{
	archiveVersion = 1;
	classes = {
	};
	objectVersion = 46;
	objects = {

/* Begin PBXBuildFile section */
		843815351A0781450083A2F6 /* EntryItem.m in Sources */ = {isa = PBXBuildFile; fileRef = 843815341A0781450083A2F6 /* EntryItem.m */; };
		843815371A0781500083A2F6 /* CategoryItem.m in Sources */ = {isa = PBXBuildFile; fileRef = 843815361A0781500083A2F6 /* CategoryItem.m */; };
		848D79761A02CCEA00896882 /* EntriesBuilder.m in Sources */ = {isa = PBXBuildFile; fileRef = 848D796D1A02CCEA00896882 /* EntriesBuilder.m */; };
		848D79781A02CCEA00896882 /* APICommunicator.m in Sources */ = {isa = PBXBuildFile; fileRef = 848D79711A02CCEA00896882 /* APICommunicator.m */; };
		848D79791A02CCEA00896882 /* APIManager.m in Sources */ = {isa = PBXBuildFile; fileRef = 848D79741A02CCEA00896882 /* APIManager.m */; };
		849E9DED19FC0F660015C8D3 /* ABCDetailsViewController.m in Sources */ = {isa = PBXBuildFile; fileRef = 849E9DEC19FC0F660015C8D3 /* ABCDetailsViewController.m */; };
		849E9DF419FD09FD0015C8D3 /* 1.jpg in Resources */ = {isa = PBXBuildFile; fileRef = 849E9DF219FD09FD0015C8D3 /* 1.jpg */; };
		849E9DF519FD09FD0015C8D3 /* 2.jpg in Resources */ = {isa = PBXBuildFile; fileRef = 849E9DF319FD09FD0015C8D3 /* 2.jpg */; };
		84A05D2619F5124E002192A5 /* ABCNewsTableViewController.m in Sources */ = {isa = PBXBuildFile; fileRef = 84A05D2519F5124E002192A5 /* ABCNewsTableViewController.m */; };
		84A05D3119F55632002192A5 /* ABCNewsPreviewCell.m in Sources */ = {isa = PBXBuildFile; fileRef = 84A05D3019F55632002192A5 /* ABCNewsPreviewCell.m */; };
		84A05D3719FE43B4002192A5 /* JASidePanelController.m in Sources */ = {isa = PBXBuildFile; fileRef = 84A05D3419FE43B4002192A5 /* JASidePanelController.m */; };
		84A05D3819FE43B4002192A5 /* UIViewController+JASidePanel.m in Sources */ = {isa = PBXBuildFile; fileRef = 84A05D3619FE43B4002192A5 /* UIViewController+JASidePanel.m */; };
		84A05D3B19FE44B2002192A5 /* ABCSidePanel.m in Sources */ = {isa = PBXBuildFile; fileRef = 84A05D3A19FE44B2002192A5 /* ABCSidePanel.m */; };
		84A0993A19F3BEB8001C76F1 /* Foundation.framework in Frameworks */ = {isa = PBXBuildFile; fileRef = 84A0993919F3BEB8001C76F1 /* Foundation.framework */; };
		84A0993C19F3BEB8001C76F1 /* CoreGraphics.framework in Frameworks */ = {isa = PBXBuildFile; fileRef = 84A0993B19F3BEB8001C76F1 /* CoreGraphics.framework */; };
		84A0993E19F3BEB8001C76F1 /* UIKit.framework in Frameworks */ = {isa = PBXBuildFile; fileRef = 84A0993D19F3BEB8001C76F1 /* UIKit.framework */; };
		84A0994419F3BEB8001C76F1 /* InfoPlist.strings in Resources */ = {isa = PBXBuildFile; fileRef = 84A0994219F3BEB8001C76F1 /* InfoPlist.strings */; };
		84A0994619F3BEB8001C76F1 /* main.m in Sources */ = {isa = PBXBuildFile; fileRef = 84A0994519F3BEB8001C76F1 /* main.m */; };
		84A0994A19F3BEB8001C76F1 /* ABCAppDelegate.m in Sources */ = {isa = PBXBuildFile; fileRef = 84A0994919F3BEB8001C76F1 /* ABCAppDelegate.m */; };
		84A0994C19F3BEB8001C76F1 /* Images.xcassets in Resources */ = {isa = PBXBuildFile; fileRef = 84A0994B19F3BEB8001C76F1 /* Images.xcassets */; };
		84A0995319F3BEB8001C76F1 /* XCTest.framework in Frameworks */ = {isa = PBXBuildFile; fileRef = 84A0995219F3BEB8001C76F1 /* XCTest.framework */; };
		84A0995419F3BEB8001C76F1 /* Foundation.framework in Frameworks */ = {isa = PBXBuildFile; fileRef = 84A0993919F3BEB8001C76F1 /* Foundation.framework */; };
		84A0995519F3BEB8001C76F1 /* UIKit.framework in Frameworks */ = {isa = PBXBuildFile; fileRef = 84A0993D19F3BEB8001C76F1 /* UIKit.framework */; };
		84A0995D19F3BEB8001C76F1 /* InfoPlist.strings in Resources */ = {isa = PBXBuildFile; fileRef = 84A0995B19F3BEB8001C76F1 /* InfoPlist.strings */; };
		84A0995F19F3BEB8001C76F1 /* NewYorkTimesTests.m in Sources */ = {isa = PBXBuildFile; fileRef = 84A0995E19F3BEB8001C76F1 /* NewYorkTimesTests.m */; };
		84A0997F19F3EA03001C76F1 /* MyStoryboard.storyboard in Resources */ = {isa = PBXBuildFile; fileRef = 84A0997E19F3EA03001C76F1 /* MyStoryboard.storyboard */; };
/* End PBXBuildFile section */

/* Begin PBXContainerItemProxy section */
		84A0995619F3BEB8001C76F1 /* PBXContainerItemProxy */ = {
			isa = PBXContainerItemProxy;
			containerPortal = 84A0992E19F3BEB8001C76F1 /* Project object */;
			proxyType = 1;
			remoteGlobalIDString = 84A0993519F3BEB8001C76F1;
			remoteInfo = NewYorkTimes;
		};
/* End PBXContainerItemProxy section */

/* Begin PBXFileReference section */
		843815341A0781450083A2F6 /* EntryItem.m */ = {isa = PBXFileReference; fileEncoding = 4; lastKnownFileType = sourcecode.c.objc; path = EntryItem.m; sourceTree = "<group>"; };
		843815361A0781500083A2F6 /* CategoryItem.m */ = {isa = PBXFileReference; fileEncoding = 4; lastKnownFileType = sourcecode.c.objc; path = CategoryItem.m; sourceTree = "<group>"; };
		848D796C1A02CCEA00896882 /* EntriesBuilder.h */ = {isa = PBXFileReference; fileEncoding = 4; lastKnownFileType = sourcecode.c.h; path = EntriesBuilder.h; sourceTree = "<group>"; };
		848D796D1A02CCEA00896882 /* EntriesBuilder.m */ = {isa = PBXFileReference; fileEncoding = 4; lastKnownFileType = sourcecode.c.objc; path = EntriesBuilder.m; sourceTree = "<group>"; };
		848D79701A02CCEA00896882 /* APICommunicator.h */ = {isa = PBXFileReference; fileEncoding = 4; lastKnownFileType = sourcecode.c.h; path = APICommunicator.h; sourceTree = "<group>"; };
		848D79711A02CCEA00896882 /* APICommunicator.m */ = {isa = PBXFileReference; fileEncoding = 4; lastKnownFileType = sourcecode.c.objc; path = APICommunicator.m; sourceTree = "<group>"; };
		848D79721A02CCEA00896882 /* APICommunicatorDelegate.h */ = {isa = PBXFileReference; fileEncoding = 4; lastKnownFileType = sourcecode.c.h; path = APICommunicatorDelegate.h; sourceTree = "<group>"; };
		848D79731A02CCEA00896882 /* APIManager.h */ = {isa = PBXFileReference; fileEncoding = 4; lastKnownFileType = sourcecode.c.h; path = APIManager.h; sourceTree = "<group>"; };
		848D79741A02CCEA00896882 /* APIManager.m */ = {isa = PBXFileReference; fileEncoding = 4; lastKnownFileType = sourcecode.c.objc; path = APIManager.m; sourceTree = "<group>"; };
		848D79751A02CCEA00896882 /* APIManagerDelegate.h */ = {isa = PBXFileReference; fileEncoding = 4; lastKnownFileType = sourcecode.c.h; path = APIManagerDelegate.h; sourceTree = "<group>"; };
		849E9DEB19FC0F660015C8D3 /* ABCDetailsViewController.h */ = {isa = PBXFileReference; fileEncoding = 4; lastKnownFileType = sourcecode.c.h; path = ABCDetailsViewController.h; sourceTree = "<group>"; };
		849E9DEC19FC0F660015C8D3 /* ABCDetailsViewController.m */ = {isa = PBXFileReference; fileEncoding = 4; lastKnownFileType = sourcecode.c.objc; path = ABCDetailsViewController.m; sourceTree = "<group>"; };
		849E9DF219FD09FD0015C8D3 /* 1.jpg */ = {isa = PBXFileReference; lastKnownFileType = image.jpeg; path = 1.jpg; sourceTree = "<group>"; };
		849E9DF319FD09FD0015C8D3 /* 2.jpg */ = {isa = PBXFileReference; lastKnownFileType = image.jpeg; path = 2.jpg; sourceTree = "<group>"; };
		84A05D2419F5124E002192A5 /* ABCNewsTableViewController.h */ = {isa = PBXFileReference; fileEncoding = 4; lastKnownFileType = sourcecode.c.h; path = ABCNewsTableViewController.h; sourceTree = "<group>"; };
		84A05D2519F5124E002192A5 /* ABCNewsTableViewController.m */ = {isa = PBXFileReference; fileEncoding = 4; lastKnownFileType = sourcecode.c.objc; path = ABCNewsTableViewController.m; sourceTree = "<group>"; };
		84A05D2F19F55632002192A5 /* ABCNewsPreviewCell.h */ = {isa = PBXFileReference; fileEncoding = 4; lastKnownFileType = sourcecode.c.h; path = ABCNewsPreviewCell.h; sourceTree = "<group>"; };
		84A05D3019F55632002192A5 /* ABCNewsPreviewCell.m */ = {isa = PBXFileReference; fileEncoding = 4; lastKnownFileType = sourcecode.c.objc; path = ABCNewsPreviewCell.m; sourceTree = "<group>"; };
		84A05D3319FE43B4002192A5 /* JASidePanelController.h */ = {isa = PBXFileReference; fileEncoding = 4; lastKnownFileType = sourcecode.c.h; path = JASidePanelController.h; sourceTree = "<group>"; };
		84A05D3419FE43B4002192A5 /* JASidePanelController.m */ = {isa = PBXFileReference; fileEncoding = 4; lastKnownFileType = sourcecode.c.objc; path = JASidePanelController.m; sourceTree = "<group>"; };
		84A05D3519FE43B4002192A5 /* UIViewController+JASidePanel.h */ = {isa = PBXFileReference; fileEncoding = 4; lastKnownFileType = sourcecode.c.h; path = "UIViewController+JASidePanel.h"; sourceTree = "<group>"; };
		84A05D3619FE43B4002192A5 /* UIViewController+JASidePanel.m */ = {isa = PBXFileReference; fileEncoding = 4; lastKnownFileType = sourcecode.c.objc; path = "UIViewController+JASidePanel.m"; sourceTree = "<group>"; };
		84A05D3919FE44B2002192A5 /* ABCSidePanel.h */ = {isa = PBXFileReference; fileEncoding = 4; lastKnownFileType = sourcecode.c.h; name = ABCSidePanel.h; path = testCode/ABCSidePanel.h; sourceTree = "<group>"; };
		84A05D3A19FE44B2002192A5 /* ABCSidePanel.m */ = {isa = PBXFileReference; fileEncoding = 4; lastKnownFileType = sourcecode.c.objc; name = ABCSidePanel.m; path = testCode/ABCSidePanel.m; sourceTree = "<group>"; };
		84A0993619F3BEB8001C76F1 /* NewYorkTimes.app */ = {isa = PBXFileReference; explicitFileType = wrapper.application; includeInIndex = 0; path = NewYorkTimes.app; sourceTree = BUILT_PRODUCTS_DIR; };
		84A0993919F3BEB8001C76F1 /* Foundation.framework */ = {isa = PBXFileReference; lastKnownFileType = wrapper.framework; name = Foundation.framework; path = System/Library/Frameworks/Foundation.framework; sourceTree = SDKROOT; };
		84A0993B19F3BEB8001C76F1 /* CoreGraphics.framework */ = {isa = PBXFileReference; lastKnownFileType = wrapper.framework; name = CoreGraphics.framework; path = System/Library/Frameworks/CoreGraphics.framework; sourceTree = SDKROOT; };
		84A0993D19F3BEB8001C76F1 /* UIKit.framework */ = {isa = PBXFileReference; lastKnownFileType = wrapper.framework; name = UIKit.framework; path = System/Library/Frameworks/UIKit.framework; sourceTree = SDKROOT; };
		84A0994119F3BEB8001C76F1 /* NewYorkTimes-Info.plist */ = {isa = PBXFileReference; lastKnownFileType = text.plist.xml; path = "NewYorkTimes-Info.plist"; sourceTree = "<group>"; };
		84A0994319F3BEB8001C76F1 /* en */ = {isa = PBXFileReference; lastKnownFileType = text.plist.strings; name = en; path = en.lproj/InfoPlist.strings; sourceTree = "<group>"; };
		84A0994519F3BEB8001C76F1 /* main.m */ = {isa = PBXFileReference; lastKnownFileType = sourcecode.c.objc; path = main.m; sourceTree = "<group>"; };
		84A0994719F3BEB8001C76F1 /* NewYorkTimes-Prefix.pch */ = {isa = PBXFileReference; lastKnownFileType = sourcecode.c.h; path = "NewYorkTimes-Prefix.pch"; sourceTree = "<group>"; };
		84A0994819F3BEB8001C76F1 /* ABCAppDelegate.h */ = {isa = PBXFileReference; lastKnownFileType = sourcecode.c.h; path = ABCAppDelegate.h; sourceTree = "<group>"; };
		84A0994919F3BEB8001C76F1 /* ABCAppDelegate.m */ = {isa = PBXFileReference; lastKnownFileType = sourcecode.c.objc; path = ABCAppDelegate.m; sourceTree = "<group>"; };
		84A0994B19F3BEB8001C76F1 /* Images.xcassets */ = {isa = PBXFileReference; lastKnownFileType = folder.assetcatalog; path = Images.xcassets; sourceTree = "<group>"; };
		84A0995119F3BEB8001C76F1 /* NewYorkTimesTests.xctest */ = {isa = PBXFileReference; explicitFileType = wrapper.cfbundle; includeInIndex = 0; path = NewYorkTimesTests.xctest; sourceTree = BUILT_PRODUCTS_DIR; };
		84A0995219F3BEB8001C76F1 /* XCTest.framework */ = {isa = PBXFileReference; lastKnownFileType = wrapper.framework; name = XCTest.framework; path = Library/Frameworks/XCTest.framework; sourceTree = DEVELOPER_DIR; };
		84A0995A19F3BEB8001C76F1 /* NewYorkTimesTests-Info.plist */ = {isa = PBXFileReference; lastKnownFileType = text.plist.xml; path = "NewYorkTimesTests-Info.plist"; sourceTree = "<group>"; };
		84A0995C19F3BEB8001C76F1 /* en */ = {isa = PBXFileReference; lastKnownFileType = text.plist.strings; name = en; path = en.lproj/InfoPlist.strings; sourceTree = "<group>"; };
		84A0995E19F3BEB8001C76F1 /* NewYorkTimesTests.m */ = {isa = PBXFileReference; lastKnownFileType = sourcecode.c.objc; path = NewYorkTimesTests.m; sourceTree = "<group>"; };
		84A0997E19F3EA03001C76F1 /* MyStoryboard.storyboard */ = {isa = PBXFileReference; fileEncoding = 4; lastKnownFileType = file.storyboard; path = MyStoryboard.storyboard; sourceTree = "<group>"; };
		84FC4A191A0631890068A405 /* CategoryItem.h */ = {isa = PBXFileReference; fileEncoding = 4; lastKnownFileType = sourcecode.c.h; path = CategoryItem.h; sourceTree = "<group>"; };
		84FC4A1A1A0631890068A405 /* EntryItem.h */ = {isa = PBXFileReference; fileEncoding = 4; lastKnownFileType = sourcecode.c.h; path = EntryItem.h; sourceTree = "<group>"; };
/* End PBXFileReference section */

/* Begin PBXFrameworksBuildPhase section */
		84A0993319F3BEB8001C76F1 /* Frameworks */ = {
			isa = PBXFrameworksBuildPhase;
			buildActionMask = 2147483647;
			files = (
				84A0993C19F3BEB8001C76F1 /* CoreGraphics.framework in Frameworks */,
				84A0993E19F3BEB8001C76F1 /* UIKit.framework in Frameworks */,
				84A0993A19F3BEB8001C76F1 /* Foundation.framework in Frameworks */,
			);
			runOnlyForDeploymentPostprocessing = 0;
		};
		84A0994E19F3BEB8001C76F1 /* Frameworks */ = {
			isa = PBXFrameworksBuildPhase;
			buildActionMask = 2147483647;
			files = (
				84A0995319F3BEB8001C76F1 /* XCTest.framework in Frameworks */,
				84A0995519F3BEB8001C76F1 /* UIKit.framework in Frameworks */,
				84A0995419F3BEB8001C76F1 /* Foundation.framework in Frameworks */,
			);
			runOnlyForDeploymentPostprocessing = 0;
		};
/* End PBXFrameworksBuildPhase section */

/* Begin PBXGroup section */
		848D796B1A02CCAF00896882 /* Model */ = {
			isa = PBXGroup;
			children = (
				84FC4A1A1A0631890068A405 /* EntryItem.h */,
				843815341A0781450083A2F6 /* EntryItem.m */,
				84FC4A191A0631890068A405 /* CategoryItem.h */,
				843815361A0781500083A2F6 /* CategoryItem.m */,
				848D79721A02CCEA00896882 /* APICommunicatorDelegate.h */,
				848D79701A02CCEA00896882 /* APICommunicator.h */,
				848D79711A02CCEA00896882 /* APICommunicator.m */,
				848D796C1A02CCEA00896882 /* EntriesBuilder.h */,
				848D796D1A02CCEA00896882 /* EntriesBuilder.m */,
				848D79751A02CCEA00896882 /* APIManagerDelegate.h */,
				848D79731A02CCEA00896882 /* APIManager.h */,
				848D79741A02CCEA00896882 /* APIManager.m */,
			);
			name = Model;
			sourceTree = "<group>";
		};
		849E9DE719FC04F80015C8D3 /* SourceCode */ = {
			isa = PBXGroup;
			children = (
				848D796B1A02CCAF00896882 /* Model */,
				84A05D3219FE43B4002192A5 /* Source */,
				849E9DE819FC052B0015C8D3 /* Controllers */,
				84A0994819F3BEB8001C76F1 /* ABCAppDelegate.h */,
				84A0994919F3BEB8001C76F1 /* ABCAppDelegate.m */,
				84A0997E19F3EA03001C76F1 /* MyStoryboard.storyboard */,
			);
			name = SourceCode;
			sourceTree = "<group>";
		};
		849E9DE819FC052B0015C8D3 /* Controllers */ = {
			isa = PBXGroup;
			children = (
				849E9DEA19FC0ECA0015C8D3 /* DetailViewController */,
				849E9DE919FC06EA0015C8D3 /* SidePanelController */,
				84A05D2319F5124E002192A5 /* NewsTableViewController */,
			);
			name = Controllers;
			sourceTree = "<group>";
		};
		849E9DE919FC06EA0015C8D3 /* SidePanelController */ = {
			isa = PBXGroup;
			children = (
				84A05D3919FE44B2002192A5 /* ABCSidePanel.h */,
				84A05D3A19FE44B2002192A5 /* ABCSidePanel.m */,
			);
			name = SidePanelController;
			sourceTree = "<group>";
		};
		849E9DEA19FC0ECA0015C8D3 /* DetailViewController */ = {
			isa = PBXGroup;
			children = (
				849E9DEB19FC0F660015C8D3 /* ABCDetailsViewController.h */,
				849E9DEC19FC0F660015C8D3 /* ABCDetailsViewController.m */,
			);
			name = DetailViewController;
			sourceTree = "<group>";
		};
		84A05D2319F5124E002192A5 /* NewsTableViewController */ = {
			isa = PBXGroup;
			children = (
				84A05D2419F5124E002192A5 /* ABCNewsTableViewController.h */,
				84A05D2519F5124E002192A5 /* ABCNewsTableViewController.m */,
				84A05D2F19F55632002192A5 /* ABCNewsPreviewCell.h */,
				84A05D3019F55632002192A5 /* ABCNewsPreviewCell.m */,
			);
			name = NewsTableViewController;
			path = MainController;
			sourceTree = "<group>";
		};
		84A05D3219FE43B4002192A5 /* Source */ = {
			isa = PBXGroup;
			children = (
				84A05D3319FE43B4002192A5 /* JASidePanelController.h */,
				84A05D3419FE43B4002192A5 /* JASidePanelController.m */,
				84A05D3519FE43B4002192A5 /* UIViewController+JASidePanel.h */,
				84A05D3619FE43B4002192A5 /* UIViewController+JASidePanel.m */,
			);
			path = Source;
			sourceTree = "<group>";
		};
		84A0992D19F3BEB8001C76F1 = {
			isa = PBXGroup;
			children = (
				84A0993F19F3BEB8001C76F1 /* NewYorkTimes */,
				84A0995819F3BEB8001C76F1 /* NewYorkTimesTests */,
				84A0993819F3BEB8001C76F1 /* Frameworks */,
				84A0993719F3BEB8001C76F1 /* Products */,
			);
			sourceTree = "<group>";
		};
		84A0993719F3BEB8001C76F1 /* Products */ = {
			isa = PBXGroup;
			children = (
				84A0993619F3BEB8001C76F1 /* NewYorkTimes.app */,
				84A0995119F3BEB8001C76F1 /* NewYorkTimesTests.xctest */,
			);
			name = Products;
			sourceTree = "<group>";
		};
		84A0993819F3BEB8001C76F1 /* Frameworks */ = {
			isa = PBXGroup;
			children = (
				84A0993919F3BEB8001C76F1 /* Foundation.framework */,
				84A0993B19F3BEB8001C76F1 /* CoreGraphics.framework */,
				84A0993D19F3BEB8001C76F1 /* UIKit.framework */,
				84A0995219F3BEB8001C76F1 /* XCTest.framework */,
			);
			name = Frameworks;
			sourceTree = "<group>";
		};
		84A0993F19F3BEB8001C76F1 /* NewYorkTimes */ = {
			isa = PBXGroup;
			children = (
				849E9DE719FC04F80015C8D3 /* SourceCode */,
				84A0994B19F3BEB8001C76F1 /* Images.xcassets */,
				849E9DF219FD09FD0015C8D3 /* 1.jpg */,
				849E9DF319FD09FD0015C8D3 /* 2.jpg */,
				84A0994019F3BEB8001C76F1 /* Supporting Files */,
			);
			path = NewYorkTimes;
			sourceTree = "<group>";
		};
		84A0994019F3BEB8001C76F1 /* Supporting Files */ = {
			isa = PBXGroup;
			children = (
				84A0994119F3BEB8001C76F1 /* NewYorkTimes-Info.plist */,
				84A0994219F3BEB8001C76F1 /* InfoPlist.strings */,
				84A0994519F3BEB8001C76F1 /* main.m */,
				84A0994719F3BEB8001C76F1 /* NewYorkTimes-Prefix.pch */,
			);
			name = "Supporting Files";
			sourceTree = "<group>";
		};
		84A0995819F3BEB8001C76F1 /* NewYorkTimesTests */ = {
			isa = PBXGroup;
			children = (
				84A0995E19F3BEB8001C76F1 /* NewYorkTimesTests.m */,
				84A0995919F3BEB8001C76F1 /* Supporting Files */,
			);
			path = NewYorkTimesTests;
			sourceTree = "<group>";
		};
		84A0995919F3BEB8001C76F1 /* Supporting Files */ = {
			isa = PBXGroup;
			children = (
				84A0995A19F3BEB8001C76F1 /* NewYorkTimesTests-Info.plist */,
				84A0995B19F3BEB8001C76F1 /* InfoPlist.strings */,
			);
			name = "Supporting Files";
			sourceTree = "<group>";
		};
/* End PBXGroup section */

/* Begin PBXNativeTarget section */
		84A0993519F3BEB8001C76F1 /* NewYorkTimes */ = {
			isa = PBXNativeTarget;
			buildConfigurationList = 84A0996219F3BEB8001C76F1 /* Build configuration list for PBXNativeTarget "NewYorkTimes" */;
			buildPhases = (
				84A0993219F3BEB8001C76F1 /* Sources */,
				84A0993319F3BEB8001C76F1 /* Frameworks */,
				84A0993419F3BEB8001C76F1 /* Resources */,
			);
			buildRules = (
			);
			dependencies = (
			);
			name = NewYorkTimes;
			productName = NewYorkTimes;
			productReference = 84A0993619F3BEB8001C76F1 /* NewYorkTimes.app */;
			productType = "com.apple.product-type.application";
		};
		84A0995019F3BEB8001C76F1 /* NewYorkTimesTests */ = {
			isa = PBXNativeTarget;
			buildConfigurationList = 84A0996519F3BEB8001C76F1 /* Build configuration list for PBXNativeTarget "NewYorkTimesTests" */;
			buildPhases = (
				84A0994D19F3BEB8001C76F1 /* Sources */,
				84A0994E19F3BEB8001C76F1 /* Frameworks */,
				84A0994F19F3BEB8001C76F1 /* Resources */,
			);
			buildRules = (
			);
			dependencies = (
				84A0995719F3BEB8001C76F1 /* PBXTargetDependency */,
			);
			name = NewYorkTimesTests;
			productName = NewYorkTimesTests;
			productReference = 84A0995119F3BEB8001C76F1 /* NewYorkTimesTests.xctest */;
			productType = "com.apple.product-type.bundle.unit-test";
		};
/* End PBXNativeTarget section */

/* Begin PBXProject section */
		84A0992E19F3BEB8001C76F1 /* Project object */ = {
			isa = PBXProject;
			attributes = {
				CLASSPREFIX = ABC;
				LastUpgradeCheck = 0510;
				ORGANIZATIONNAME = "mmf-3-iOs";
				TargetAttributes = {
					84A0995019F3BEB8001C76F1 = {
						TestTargetID = 84A0993519F3BEB8001C76F1;
					};
				};
			};
			buildConfigurationList = 84A0993119F3BEB8001C76F1 /* Build configuration list for PBXProject "NewYorkTimes" */;
			compatibilityVersion = "Xcode 3.2";
			developmentRegion = English;
			hasScannedForEncodings = 0;
			knownRegions = (
				en,
			);
			mainGroup = 84A0992D19F3BEB8001C76F1;
			productRefGroup = 84A0993719F3BEB8001C76F1 /* Products */;
			projectDirPath = "";
			projectRoot = "";
			targets = (
				84A0993519F3BEB8001C76F1 /* NewYorkTimes */,
				84A0995019F3BEB8001C76F1 /* NewYorkTimesTests */,
			);
		};
/* End PBXProject section */

/* Begin PBXResourcesBuildPhase section */
		84A0993419F3BEB8001C76F1 /* Resources */ = {
			isa = PBXResourcesBuildPhase;
			buildActionMask = 2147483647;
			files = (
				849E9DF519FD09FD0015C8D3 /* 2.jpg in Resources */,
				84A0994419F3BEB8001C76F1 /* InfoPlist.strings in Resources */,
				84A0997F19F3EA03001C76F1 /* MyStoryboard.storyboard in Resources */,
				84A0994C19F3BEB8001C76F1 /* Images.xcassets in Resources */,
				849E9DF419FD09FD0015C8D3 /* 1.jpg in Resources */,
			);
			runOnlyForDeploymentPostprocessing = 0;
		};
		84A0994F19F3BEB8001C76F1 /* Resources */ = {
			isa = PBXResourcesBuildPhase;
			buildActionMask = 2147483647;
			files = (
				84A0995D19F3BEB8001C76F1 /* InfoPlist.strings in Resources */,
			);
			runOnlyForDeploymentPostprocessing = 0;
		};
/* End PBXResourcesBuildPhase section */

/* Begin PBXSourcesBuildPhase section */
		84A0993219F3BEB8001C76F1 /* Sources */ = {
			isa = PBXSourcesBuildPhase;
			buildActionMask = 2147483647;
			files = (
				848D79761A02CCEA00896882 /* EntriesBuilder.m in Sources */,
				84A0994619F3BEB8001C76F1 /* main.m in Sources */,
				84A0994A19F3BEB8001C76F1 /* ABCAppDelegate.m in Sources */,
				849E9DED19FC0F660015C8D3 /* ABCDetailsViewController.m in Sources */,
				84A05D3B19FE44B2002192A5 /* ABCSidePanel.m in Sources */,
				84A05D3119F55632002192A5 /* ABCNewsPreviewCell.m in Sources */,
				84A05D2619F5124E002192A5 /* ABCNewsTableViewController.m in Sources */,
				84A05D3819FE43B4002192A5 /* UIViewController+JASidePanel.m in Sources */,
				84A05D3719FE43B4002192A5 /* JASidePanelController.m in Sources */,
				848D79781A02CCEA00896882 /* APICommunicator.m in Sources */,
				843815371A0781500083A2F6 /* CategoryItem.m in Sources */,
				843815351A0781450083A2F6 /* EntryItem.m in Sources */,
				848D79791A02CCEA00896882 /* APIManager.m in Sources */,
			);
			runOnlyForDeploymentPostprocessing = 0;
		};
		84A0994D19F3BEB8001C76F1 /* Sources */ = {
			isa = PBXSourcesBuildPhase;
			buildActionMask = 2147483647;
			files = (
				84A0995F19F3BEB8001C76F1 /* NewYorkTimesTests.m in Sources */,
			);
			runOnlyForDeploymentPostprocessing = 0;
		};
/* End PBXSourcesBuildPhase section */

/* Begin PBXTargetDependency section */
		84A0995719F3BEB8001C76F1 /* PBXTargetDependency */ = {
			isa = PBXTargetDependency;
			target = 84A0993519F3BEB8001C76F1 /* NewYorkTimes */;
			targetProxy = 84A0995619F3BEB8001C76F1 /* PBXContainerItemProxy */;
		};
/* End PBXTargetDependency section */

/* Begin PBXVariantGroup section */
		84A0994219F3BEB8001C76F1 /* InfoPlist.strings */ = {
			isa = PBXVariantGroup;
			children = (
				84A0994319F3BEB8001C76F1 /* en */,
			);
			name = InfoPlist.strings;
			sourceTree = "<group>";
		};
		84A0995B19F3BEB8001C76F1 /* InfoPlist.strings */ = {
			isa = PBXVariantGroup;
			children = (
				84A0995C19F3BEB8001C76F1 /* en */,
			);
			name = InfoPlist.strings;
			sourceTree = "<group>";
		};
/* End PBXVariantGroup section */

/* Begin XCBuildConfiguration section */
		84A0996019F3BEB8001C76F1 /* Debug */ = {
			isa = XCBuildConfiguration;
			buildSettings = {
				ALWAYS_SEARCH_USER_PATHS = NO;
				CLANG_CXX_LANGUAGE_STANDARD = "gnu++0x";
				CLANG_CXX_LIBRARY = "libc++";
				CLANG_ENABLE_MODULES = YES;
				CLANG_ENABLE_OBJC_ARC = YES;
				CLANG_WARN_BOOL_CONVERSION = YES;
				CLANG_WARN_CONSTANT_CONVERSION = YES;
				CLANG_WARN_DIRECT_OBJC_ISA_USAGE = YES_ERROR;
				CLANG_WARN_EMPTY_BODY = YES;
				CLANG_WARN_ENUM_CONVERSION = YES;
				CLANG_WARN_INT_CONVERSION = YES;
				CLANG_WARN_OBJC_ROOT_CLASS = YES_ERROR;
				CLANG_WARN__DUPLICATE_METHOD_MATCH = YES;
				"CODE_SIGN_IDENTITY[sdk=iphoneos*]" = "iPhone Developer";
				COPY_PHASE_STRIP = NO;
				GCC_C_LANGUAGE_STANDARD = gnu99;
				GCC_DYNAMIC_NO_PIC = NO;
				GCC_OPTIMIZATION_LEVEL = 0;
				GCC_PREPROCESSOR_DEFINITIONS = (
					"DEBUG=1",
					"$(inherited)",
				);
				GCC_SYMBOLS_PRIVATE_EXTERN = NO;
				GCC_WARN_64_TO_32_BIT_CONVERSION = YES;
				GCC_WARN_ABOUT_RETURN_TYPE = YES_ERROR;
				GCC_WARN_UNDECLARED_SELECTOR = YES;
				GCC_WARN_UNINITIALIZED_AUTOS = YES_AGGRESSIVE;
				GCC_WARN_UNUSED_FUNCTION = YES;
				GCC_WARN_UNUSED_VARIABLE = YES;
				IPHONEOS_DEPLOYMENT_TARGET = 7.1;
				ONLY_ACTIVE_ARCH = YES;
				SDKROOT = iphoneos;
				TARGETED_DEVICE_FAMILY = "1,2";
			};
			name = Debug;
		};
		84A0996119F3BEB8001C76F1 /* Release */ = {
			isa = XCBuildConfiguration;
			buildSettings = {
				ALWAYS_SEARCH_USER_PATHS = NO;
				CLANG_CXX_LANGUAGE_STANDARD = "gnu++0x";
				CLANG_CXX_LIBRARY = "libc++";
				CLANG_ENABLE_MODULES = YES;
				CLANG_ENABLE_OBJC_ARC = YES;
				CLANG_WARN_BOOL_CONVERSION = YES;
				CLANG_WARN_CONSTANT_CONVERSION = YES;
				CLANG_WARN_DIRECT_OBJC_ISA_USAGE = YES_ERROR;
				CLANG_WARN_EMPTY_BODY = YES;
				CLANG_WARN_ENUM_CONVERSION = YES;
				CLANG_WARN_INT_CONVERSION = YES;
				CLANG_WARN_OBJC_ROOT_CLASS = YES_ERROR;
				CLANG_WARN__DUPLICATE_METHOD_MATCH = YES;
				"CODE_SIGN_IDENTITY[sdk=iphoneos*]" = "iPhone Developer";
				COPY_PHASE_STRIP = YES;
				ENABLE_NS_ASSERTIONS = NO;
				GCC_C_LANGUAGE_STANDARD = gnu99;
				GCC_WARN_64_TO_32_BIT_CONVERSION = YES;
				GCC_WARN_ABOUT_RETURN_TYPE = YES_ERROR;
				GCC_WARN_UNDECLARED_SELECTOR = YES;
				GCC_WARN_UNINITIALIZED_AUTOS = YES_AGGRESSIVE;
				GCC_WARN_UNUSED_FUNCTION = YES;
				GCC_WARN_UNUSED_VARIABLE = YES;
				IPHONEOS_DEPLOYMENT_TARGET = 7.1;
				SDKROOT = iphoneos;
				TARGETED_DEVICE_FAMILY = "1,2";
				VALIDATE_PRODUCT = YES;
			};
			name = Release;
		};
		84A0996319F3BEB8001C76F1 /* Debug */ = {
			isa = XCBuildConfiguration;
			buildSettings = {
				ASSETCATALOG_COMPILER_APPICON_NAME = AppIcon;
				ASSETCATALOG_COMPILER_LAUNCHIMAGE_NAME = LaunchImage;
				GCC_PRECOMPILE_PREFIX_HEADER = YES;
				GCC_PREFIX_HEADER = "NewYorkTimes/NewYorkTimes-Prefix.pch";
				INFOPLIST_FILE = "NewYorkTimes/NewYorkTimes-Info.plist";
				PRODUCT_NAME = "$(TARGET_NAME)";
				WRAPPER_EXTENSION = app;
			};
			name = Debug;
		};
		84A0996419F3BEB8001C76F1 /* Release */ = {
			isa = XCBuildConfiguration;
			buildSettings = {
				ASSETCATALOG_COMPILER_APPICON_NAME = AppIcon;
				ASSETCATALOG_COMPILER_LAUNCHIMAGE_NAME = LaunchImage;
				GCC_PRECOMPILE_PREFIX_HEADER = YES;
				GCC_PREFIX_HEADER = "NewYorkTimes/NewYorkTimes-Prefix.pch";
				INFOPLIST_FILE = "NewYorkTimes/NewYorkTimes-Info.plist";
				PRODUCT_NAME = "$(TARGET_NAME)";
				WRAPPER_EXTENSION = app;
			};
			name = Release;
		};
		84A0996619F3BEB8001C76F1 /* Debug */ = {
			isa = XCBuildConfiguration;
			buildSettings = {
				BUNDLE_LOADER = "$(BUILT_PRODUCTS_DIR)/NewYorkTimes.app/NewYorkTimes";
				FRAMEWORK_SEARCH_PATHS = (
					"$(SDKROOT)/Developer/Library/Frameworks",
					"$(inherited)",
					"$(DEVELOPER_FRAMEWORKS_DIR)",
				);
				GCC_PRECOMPILE_PREFIX_HEADER = YES;
				GCC_PREFIX_HEADER = "NewYorkTimes/NewYorkTimes-Prefix.pch";
				GCC_PREPROCESSOR_DEFINITIONS = (
					"DEBUG=1",
					"$(inherited)",
				);
				INFOPLIST_FILE = "NewYorkTimesTests/NewYorkTimesTests-Info.plist";
				PRODUCT_NAME = "$(TARGET_NAME)";
				TEST_HOST = "$(BUNDLE_LOADER)";
				WRAPPER_EXTENSION = xctest;
			};
			name = Debug;
		};
		84A0996719F3BEB8001C76F1 /* Release */ = {
			isa = XCBuildConfiguration;
			buildSettings = {
				BUNDLE_LOADER = "$(BUILT_PRODUCTS_DIR)/NewYorkTimes.app/NewYorkTimes";
				FRAMEWORK_SEARCH_PATHS = (
					"$(SDKROOT)/Developer/Library/Frameworks",
					"$(inherited)",
					"$(DEVELOPER_FRAMEWORKS_DIR)",
				);
				GCC_PRECOMPILE_PREFIX_HEADER = YES;
				GCC_PREFIX_HEADER = "NewYorkTimes/NewYorkTimes-Prefix.pch";
				INFOPLIST_FILE = "NewYorkTimesTests/NewYorkTimesTests-Info.plist";
				PRODUCT_NAME = "$(TARGET_NAME)";
				TEST_HOST = "$(BUNDLE_LOADER)";
				WRAPPER_EXTENSION = xctest;
			};
			name = Release;
		};
/* End XCBuildConfiguration section */

/* Begin XCConfigurationList section */
		84A0993119F3BEB8001C76F1 /* Build configuration list for PBXProject "NewYorkTimes" */ = {
			isa = XCConfigurationList;
			buildConfigurations = (
				84A0996019F3BEB8001C76F1 /* Debug */,
				84A0996119F3BEB8001C76F1 /* Release */,
			);
			defaultConfigurationIsVisible = 0;
			defaultConfigurationName = Release;
		};
		84A0996219F3BEB8001C76F1 /* Build configuration list for PBXNativeTarget "NewYorkTimes" */ = {
			isa = XCConfigurationList;
			buildConfigurations = (
				84A0996319F3BEB8001C76F1 /* Debug */,
				84A0996419F3BEB8001C76F1 /* Release */,
			);
			defaultConfigurationIsVisible = 0;
			defaultConfigurationName = Release;
		};
		84A0996519F3BEB8001C76F1 /* Build configuration list for PBXNativeTarget "NewYorkTimesTests" */ = {
			isa = XCConfigurationList;
			buildConfigurations = (
				84A0996619F3BEB8001C76F1 /* Debug */,
				84A0996719F3BEB8001C76F1 /* Release */,
			);
			defaultConfigurationIsVisible = 0;
			defaultConfigurationName = Release;
		};
/* End XCConfigurationList section */
	};
	rootObject = 84A0992E19F3BEB8001C76F1 /* Project object */;
}
